
Microsoft Visual Studio Solution File, Format Version 12.00
# Visual Studio Version 17
VisualStudioVersion = 17.9.34723.18
MinimumVisualStudioVersion = 10.0.40219.1
Project("{2150E333-8FDC-42A3-9474-1A3956D46DE8}") = "src", "src", "{AD1CC5E3-EAB7-4177-B5C5-69051FAC7C75}"
EndProject
Project("{9A19103F-16F7-4668-BE54-9A1E7A4F7556}") = "BB84.EntityFrameworkCore.Models", "src\BB84.EntityFrameworkCore.Models\BB84.EntityFrameworkCore.Models.csproj", "{EAEB37EA-5EBC-48FE-B113-3A1E3577BE2B}"
EndProject
Project("{9A19103F-16F7-4668-BE54-9A1E7A4F7556}") = "BB84.EntityFrameworkCore.Repositories", "src\BB84.EntityFrameworkCore.Repositories\BB84.EntityFrameworkCore.Repositories.csproj", "{056520FA-D0E5-4741-9B2C-41BD52AF5F5C}"
EndProject
Project("{2150E333-8FDC-42A3-9474-1A3956D46DE8}") = "tests", "tests", "{C3F6ECA2-55CD-4DA1-BEF7-F9B56ADB84E2}"
EndProject
Project("{2150E333-8FDC-42A3-9474-1A3956D46DE8}") = "Solution Items", "Solution Items", "{AF7EA2A1-F6CC-4CBE-930B-3CBF723D406D}"
	ProjectSection(SolutionItems) = preProject
		.editorconfig = .editorconfig
		.gitignore = .gitignore
		CODE_OF_CONDUCT.md = CODE_OF_CONDUCT.md
		Directory.Build.props = Directory.Build.props
		Directory.Packages.props = Directory.Packages.props
		dotnet-releaser.toml = dotnet-releaser.toml
		icon.png = icon.png
		LICENSE = LICENSE
		PublicKey.snk = PublicKey.snk
		README.md = README.md
	EndProjectSection
EndProject
Project("{9A19103F-16F7-4668-BE54-9A1E7A4F7556}") = "BB84.EntityFrameworkCore.ModelsTests", "tests\BB84.EntityFrameworkCore.ModelsTests\BB84.EntityFrameworkCore.ModelsTests.csproj", "{86A294B4-8CA4-4C26-833E-55DE7F6090F3}"
EndProject
Project("{9A19103F-16F7-4668-BE54-9A1E7A4F7556}") = "BB84.EntityFrameworkCore.RepositoriesTests", "tests\BB84.EntityFrameworkCore.RepositoriesTests\BB84.EntityFrameworkCore.RepositoriesTests.csproj", "{B6AE6D2F-6F73-477E-BC83-A408DCD38FA5}"
EndProject
Project("{9A19103F-16F7-4668-BE54-9A1E7A4F7556}") = "BB84.EntityFrameworkCore.Repositories.Abstractions", "src\BB84.EntityFrameworkCore.Repositories.Abstractions\BB84.EntityFrameworkCore.Repositories.Abstractions.csproj", "{DE677E4D-3F7B-454F-9379-15ADC1B62F25}"
EndProject
Project("{9A19103F-16F7-4668-BE54-9A1E7A4F7556}") = "BB84.EntityFrameworkCore.Models.Abstractions", "src\BB84.EntityFrameworkCore.Models.Abstractions\BB84.EntityFrameworkCore.Models.Abstractions.csproj", "{069567B0-C395-4EB3-BC07-AB6ABA69B85C}"
EndProject
Project("{9A19103F-16F7-4668-BE54-9A1E7A4F7556}") = "BB84.EntityFrameworkCore.Repositories.SqlServer", "src\BB84.EntityFrameworkCore.Repositories.SqlServer\BB84.EntityFrameworkCore.Repositories.SqlServer.csproj", "{2B409F14-A686-4AA3-9393-DD653F01B496}"
EndProject
Global
	GlobalSection(SolutionConfigurationPlatforms) = preSolution
		Debug|Any CPU = Debug|Any CPU
		Release|Any CPU = Release|Any CPU
	EndGlobalSection
	GlobalSection(ProjectConfigurationPlatforms) = postSolution
		{EAEB37EA-5EBC-48FE-B113-3A1E3577BE2B}.Debug|Any CPU.ActiveCfg = Debug|Any CPU
		{EAEB37EA-5EBC-48FE-B113-3A1E3577BE2B}.Debug|Any CPU.Build.0 = Debug|Any CPU
		{EAEB37EA-5EBC-48FE-B113-3A1E3577BE2B}.Release|Any CPU.ActiveCfg = Release|Any CPU
		{EAEB37EA-5EBC-48FE-B113-3A1E3577BE2B}.Release|Any CPU.Build.0 = Release|Any CPU
		{056520FA-D0E5-4741-9B2C-41BD52AF5F5C}.Debug|Any CPU.ActiveCfg = Debug|Any CPU
		{056520FA-D0E5-4741-9B2C-41BD52AF5F5C}.Debug|Any CPU.Build.0 = Debug|Any CPU
		{056520FA-D0E5-4741-9B2C-41BD52AF5F5C}.Release|Any CPU.ActiveCfg = Release|Any CPU
		{056520FA-D0E5-4741-9B2C-41BD52AF5F5C}.Release|Any CPU.Build.0 = Release|Any CPU
		{86A294B4-8CA4-4C26-833E-55DE7F6090F3}.Debug|Any CPU.ActiveCfg = Debug|Any CPU
		{86A294B4-8CA4-4C26-833E-55DE7F6090F3}.Debug|Any CPU.Build.0 = Debug|Any CPU
		{86A294B4-8CA4-4C26-833E-55DE7F6090F3}.Release|Any CPU.ActiveCfg = Release|Any CPU
		{86A294B4-8CA4-4C26-833E-55DE7F6090F3}.Release|Any CPU.Build.0 = Release|Any CPU
		{B6AE6D2F-6F73-477E-BC83-A408DCD38FA5}.Debug|Any CPU.ActiveCfg = Debug|Any CPU
		{B6AE6D2F-6F73-477E-BC83-A408DCD38FA5}.Debug|Any CPU.Build.0 = Debug|Any CPU
		{B6AE6D2F-6F73-477E-BC83-A408DCD38FA5}.Release|Any CPU.ActiveCfg = Release|Any CPU
		{B6AE6D2F-6F73-477E-BC83-A408DCD38FA5}.Release|Any CPU.Build.0 = Release|Any CPU
		{DE677E4D-3F7B-454F-9379-15ADC1B62F25}.Debug|Any CPU.ActiveCfg = Debug|Any CPU
		{DE677E4D-3F7B-454F-9379-15ADC1B62F25}.Debug|Any CPU.Build.0 = Debug|Any CPU
		{DE677E4D-3F7B-454F-9379-15ADC1B62F25}.Release|Any CPU.ActiveCfg = Release|Any CPU
		{DE677E4D-3F7B-454F-9379-15ADC1B62F25}.Release|Any CPU.Build.0 = Release|Any CPU
		{069567B0-C395-4EB3-BC07-AB6ABA69B85C}.Debug|Any CPU.ActiveCfg = Debug|Any CPU
		{069567B0-C395-4EB3-BC07-AB6ABA69B85C}.Debug|Any CPU.Build.0 = Debug|Any CPU
		{069567B0-C395-4EB3-BC07-AB6ABA69B85C}.Release|Any CPU.ActiveCfg = Release|Any CPU
		{069567B0-C395-4EB3-BC07-AB6ABA69B85C}.Release|Any CPU.Build.0 = Release|Any CPU
		{2B409F14-A686-4AA3-9393-DD653F01B496}.Debug|Any CPU.ActiveCfg = Debug|Any CPU
		{2B409F14-A686-4AA3-9393-DD653F01B496}.Debug|Any CPU.Build.0 = Debug|Any CPU
		{2B409F14-A686-4AA3-9393-DD653F01B496}.Release|Any CPU.ActiveCfg = Release|Any CPU
		{2B409F14-A686-4AA3-9393-DD653F01B496}.Release|Any CPU.Build.0 = Release|Any CPU
	EndGlobalSection
	GlobalSection(SolutionProperties) = preSolution
		HideSolutionNode = FALSE
	EndGlobalSection
	GlobalSection(NestedProjects) = preSolution
		{EAEB37EA-5EBC-48FE-B113-3A1E3577BE2B} = {AD1CC5E3-EAB7-4177-B5C5-69051FAC7C75}
		{056520FA-D0E5-4741-9B2C-41BD52AF5F5C} = {AD1CC5E3-EAB7-4177-B5C5-69051FAC7C75}
		{86A294B4-8CA4-4C26-833E-55DE7F6090F3} = {C3F6ECA2-55CD-4DA1-BEF7-F9B56ADB84E2}
		{B6AE6D2F-6F73-477E-BC83-A408DCD38FA5} = {C3F6ECA2-55CD-4DA1-BEF7-F9B56ADB84E2}
		{DE677E4D-3F7B-454F-9379-15ADC1B62F25} = {AD1CC5E3-EAB7-4177-B5C5-69051FAC7C75}
		{069567B0-C395-4EB3-BC07-AB6ABA69B85C} = {AD1CC5E3-EAB7-4177-B5C5-69051FAC7C75}
		{2B409F14-A686-4AA3-9393-DD653F01B496} = {AD1CC5E3-EAB7-4177-B5C5-69051FAC7C75}
	EndGlobalSection
	GlobalSection(ExtensibilityGlobals) = postSolution
		SolutionGuid = {338A35D2-1B96-4516-A2C8-725215E542C3}
	EndGlobalSection
EndGlobal
